
Microsoft Visual Studio Solution File, Format Version 12.00
# Visual Studio Version 17
VisualStudioVersion = 17.14.36908.2 d17.14
MinimumVisualStudioVersion = 10.0.40219.1
Project("{FAE04EC0-301F-11D3-BF4B-00C04F79EFBC}") = "PokemonReview", "PokemonReview\PokemonReview.csproj", "{ACE6F790-E8AE-4ED5-B1D6-0D4939F0AB07}"
EndProject
Global
	GlobalSection(SolutionConfigurationPlatforms) = preSolution
		Debug|Any CPU = Debug|Any CPU
		Release|Any CPU = Release|Any CPU
	EndGlobalSection
	GlobalSection(ProjectConfigurationPlatforms) = postSolution
		{ACE6F790-E8AE-4ED5-B1D6-0D4939F0AB07}.Debug|Any CPU.ActiveCfg = Debug|Any CPU
		{ACE6F790-E8AE-4ED5-B1D6-0D4939F0AB07}.Debug|Any CPU.Build.0 = Debug|Any CPU
		{ACE6F790-E8AE-4ED5-B1D6-0D4939F0AB07}.Release|Any CPU.ActiveCfg = Release|Any CPU
		{ACE6F790-E8AE-4ED5-B1D6-0D4939F0AB07}.Release|Any CPU.Build.0 = Release|Any CPU
	EndGlobalSection
	GlobalSection(SolutionProperties) = preSolution
		HideSolutionNode = FALSE
	EndGlobalSection
	GlobalSection(ExtensibilityGlobals) = postSolution
		SolutionGuid = {D01B0C51-EE28-4E27-8A91-566CC2EB7DED}
	EndGlobalSection
EndGlobal
